
Microsoft Visual Studio Solution File, Format Version 12.00
# Visual Studio Version 16
VisualStudioVersion = 16.0.32428.217
MinimumVisualStudioVersion = 10.0.40219.1
Project("{FAE04EC0-301F-11D3-BF4B-00C04F79EFBC}") = "EAnim", "EAnim\EAnim.csproj", "{1C6B627E-6BB7-43DF-A193-3B27B8032DDC}"
EndProject
Project("{FAE04EC0-301F-11D3-BF4B-00C04F79EFBC}") = "EAnim.Tests", "EAnim.Tests\EAnim.Tests.csproj", "{FA5DF2BC-6C92-4FC7-8FC2-59788BF41A15}"
EndProject
Project("{FAE04EC0-301F-11D3-BF4B-00C04F79EFBC}") = "Tools", "..\Bibliotheque\Tools\Tools.csproj", "{30099ADF-1F57-4FDD-AA15-2C5939EEA227}"
EndProject
Project("{FAE04EC0-301F-11D3-BF4B-00C04F79EFBC}") = "Logs", "..\Bibliotheque\Logs\Logs.csproj", "{3CA937C6-AAEB-49FD-8E39-6A51EAA35631}"
EndProject
Global
	GlobalSection(SolutionConfigurationPlatforms) = preSolution
		Debug|Any CPU = Debug|Any CPU
		Release|Any CPU = Release|Any CPU
	EndGlobalSection
	GlobalSection(ProjectConfigurationPlatforms) = postSolution
		{1C6B627E-6BB7-43DF-A193-3B27B8032DDC}.Debug|Any CPU.ActiveCfg = Debug|Any CPU
		{1C6B627E-6BB7-43DF-A193-3B27B8032DDC}.Debug|Any CPU.Build.0 = Debug|Any CPU
		{1C6B627E-6BB7-43DF-A193-3B27B8032DDC}.Release|Any CPU.ActiveCfg = Release|Any CPU
		{1C6B627E-6BB7-43DF-A193-3B27B8032DDC}.Release|Any CPU.Build.0 = Release|Any CPU
		{FA5DF2BC-6C92-4FC7-8FC2-59788BF41A15}.Debug|Any CPU.ActiveCfg = Debug|Any CPU
		{FA5DF2BC-6C92-4FC7-8FC2-59788BF41A15}.Debug|Any CPU.Build.0 = Debug|Any CPU
		{FA5DF2BC-6C92-4FC7-8FC2-59788BF41A15}.Release|Any CPU.ActiveCfg = Release|Any CPU
		{FA5DF2BC-6C92-4FC7-8FC2-59788BF41A15}.Release|Any CPU.Build.0 = Release|Any CPU
		{30099ADF-1F57-4FDD-AA15-2C5939EEA227}.Debug|Any CPU.ActiveCfg = Debug|Any CPU
		{30099ADF-1F57-4FDD-AA15-2C5939EEA227}.Debug|Any CPU.Build.0 = Debug|Any CPU
		{30099ADF-1F57-4FDD-AA15-2C5939EEA227}.Release|Any CPU.ActiveCfg = Release|Any CPU
		{30099ADF-1F57-4FDD-AA15-2C5939EEA227}.Release|Any CPU.Build.0 = Release|Any CPU
		{3CA937C6-AAEB-49FD-8E39-6A51EAA35631}.Debug|Any CPU.ActiveCfg = Debug|Any CPU
		{3CA937C6-AAEB-49FD-8E39-6A51EAA35631}.Debug|Any CPU.Build.0 = Debug|Any CPU
		{3CA937C6-AAEB-49FD-8E39-6A51EAA35631}.Release|Any CPU.ActiveCfg = Release|Any CPU
		{3CA937C6-AAEB-49FD-8E39-6A51EAA35631}.Release|Any CPU.Build.0 = Release|Any CPU
	EndGlobalSection
	GlobalSection(SolutionProperties) = preSolution
		HideSolutionNode = FALSE
	EndGlobalSection
	GlobalSection(ExtensibilityGlobals) = postSolution
		SolutionGuid = {336907AD-11C3-4F3D-A0B4-AAB23A458D69}
		VisualSVNWorkingCopyRoot = .
	EndGlobalSection
EndGlobal
